
Microsoft Visual Studio Solution File, Format Version 12.00
# Visual Studio Version 17
VisualStudioVersion = 17.1.32407.343
MinimumVisualStudioVersion = 10.0.40219.1
Project("{FAE04EC0-301F-11D3-BF4B-00C04F79EFBC}") = "GenericProblem", "GenericProblem.csproj", "{32EFCF9F-F26B-4AC4-A128-478E53ACDFD9}"
EndProject
Global
	GlobalSection(SolutionConfigurationPlatforms) = preSolution
		Debug|Any CPU = Debug|Any CPU
		Release|Any CPU = Release|Any CPU
	EndGlobalSection
	GlobalSection(ProjectConfigurationPlatforms) = postSolution
		{32EFCF9F-F26B-4AC4-A128-478E53ACDFD9}.Debug|Any CPU.ActiveCfg = Debug|Any CPU
		{32EFCF9F-F26B-4AC4-A128-478E53ACDFD9}.Debug|Any CPU.Build.0 = Debug|Any CPU
		{32EFCF9F-F26B-4AC4-A128-478E53ACDFD9}.Release|Any CPU.ActiveCfg = Release|Any CPU
		{32EFCF9F-F26B-4AC4-A128-478E53ACDFD9}.Release|Any CPU.Build.0 = Release|Any CPU
	EndGlobalSection
	GlobalSection(SolutionProperties) = preSolution
		HideSolutionNode = FALSE
	EndGlobalSection
	GlobalSection(ExtensibilityGlobals) = postSolution
		SolutionGuid = {1C1DEC4A-F2B5-496A-8527-C32DE26A5D72}
	EndGlobalSection
EndGlobal
